
Microsoft Visual Studio Solution File, Format Version 12.00
# Visual Studio 2012
Project("{FAE04EC0-301F-11D3-BF4B-00C04F79EFBC}") = "NHyphenator", "NHyphenator\NHyphenator.csproj", "{CB8AF718-77A5-4582-83ED-0C850F34F1A5}"
EndProject
Project("{FAE04EC0-301F-11D3-BF4B-00C04F79EFBC}") = "NHyphenator.Tests", "NHypenator.Tests\NHyphenator.Tests.csproj", "{B8D697D6-32DB-4AD4-8836-8D8A448B7C7C}"
EndProject
Global
	GlobalSection(SolutionConfigurationPlatforms) = preSolution
		Debug|Any CPU = Debug|Any CPU
		Release|Any CPU = Release|Any CPU
	EndGlobalSection
	GlobalSection(ProjectConfigurationPlatforms) = postSolution
		{CB8AF718-77A5-4582-83ED-0C850F34F1A5}.Debug|Any CPU.ActiveCfg = Debug|Any CPU
		{CB8AF718-77A5-4582-83ED-0C850F34F1A5}.Debug|Any CPU.Build.0 = Debug|Any CPU
		{CB8AF718-77A5-4582-83ED-0C850F34F1A5}.Release|Any CPU.ActiveCfg = Release|Any CPU
		{CB8AF718-77A5-4582-83ED-0C850F34F1A5}.Release|Any CPU.Build.0 = Release|Any CPU
		{B8D697D6-32DB-4AD4-8836-8D8A448B7C7C}.Debug|Any CPU.ActiveCfg = Debug|Any CPU
		{B8D697D6-32DB-4AD4-8836-8D8A448B7C7C}.Debug|Any CPU.Build.0 = Debug|Any CPU
		{B8D697D6-32DB-4AD4-8836-8D8A448B7C7C}.Release|Any CPU.ActiveCfg = Release|Any CPU
		{B8D697D6-32DB-4AD4-8836-8D8A448B7C7C}.Release|Any CPU.Build.0 = Release|Any CPU
	EndGlobalSection
	GlobalSection(SolutionProperties) = preSolution
		HideSolutionNode = FALSE
	EndGlobalSection
EndGlobal
